
Microsoft Visual Studio Solution File, Format Version 12.00
# Visual Studio Version 16
VisualStudioVersion = 16.0.29519.87
MinimumVisualStudioVersion = 10.0.40219.1
Project("{8BC9CEB8-8B4A-11D0-8D11-00A0C91BC942}") = "1_TestCplex", "1_TestCplex\1_TestCplex.vcxproj", "{A98CC81D-B6E9-456C-BE39-2FA9F9EA15B8}"
EndProject
Project("{8BC9CEB8-8B4A-11D0-8D11-00A0C91BC942}") = "Lab_1_Aircrafts", "Lab_1_Aircrafts\Lab_1_Aircrafts.vcxproj", "{16F11232-D0A0-46C8-9AD2-9B9CA16047C8}"
EndProject
Project("{8BC9CEB8-8B4A-11D0-8D11-00A0C91BC942}") = "Lab_2_Aircrafts_Branch_and_Bounds", "Lab_2_Aircrafts_Branch_and_Bounds\Lab_2_Aircrafts_Branch_and_Bounds.vcxproj", "{83FF1F1A-506D-4657-A62E-567641D1FEDD}"
EndProject
Project("{8BC9CEB8-8B4A-11D0-8D11-00A0C91BC942}") = "Lab_3_Clique_problem_heuristic", "Lab_3_Clique_problem_heuristic\Lab_3_Clique_problem_heuristic.vcxproj", "{8F975BA3-1624-4773-845F-2D5403C7FAAC}"
EndProject
Project("{8BC9CEB8-8B4A-11D0-8D11-00A0C91BC942}") = "Lab_3_Clique_problem_CPLEX", "Lab_3_Clique_problem_CPLEX\Lab_3_Clique_problem_CPLEX.vcxproj", "{A761FD9C-BCE4-4023-BB5F-695C97C5BAC5}"
EndProject
Global
	GlobalSection(SolutionConfigurationPlatforms) = preSolution
		Debug|x64 = Debug|x64
		Debug|x86 = Debug|x86
		Release|x64 = Release|x64
		Release|x86 = Release|x86
	EndGlobalSection
	GlobalSection(ProjectConfigurationPlatforms) = postSolution
		{A98CC81D-B6E9-456C-BE39-2FA9F9EA15B8}.Debug|x64.ActiveCfg = Debug|x64
		{A98CC81D-B6E9-456C-BE39-2FA9F9EA15B8}.Debug|x64.Build.0 = Debug|x64
		{A98CC81D-B6E9-456C-BE39-2FA9F9EA15B8}.Debug|x86.ActiveCfg = Debug|Win32
		{A98CC81D-B6E9-456C-BE39-2FA9F9EA15B8}.Debug|x86.Build.0 = Debug|Win32
		{A98CC81D-B6E9-456C-BE39-2FA9F9EA15B8}.Release|x64.ActiveCfg = Release|x64
		{A98CC81D-B6E9-456C-BE39-2FA9F9EA15B8}.Release|x64.Build.0 = Release|x64
		{A98CC81D-B6E9-456C-BE39-2FA9F9EA15B8}.Release|x86.ActiveCfg = Release|Win32
		{A98CC81D-B6E9-456C-BE39-2FA9F9EA15B8}.Release|x86.Build.0 = Release|Win32
		{16F11232-D0A0-46C8-9AD2-9B9CA16047C8}.Debug|x64.ActiveCfg = Debug|x64
		{16F11232-D0A0-46C8-9AD2-9B9CA16047C8}.Debug|x64.Build.0 = Debug|x64
		{16F11232-D0A0-46C8-9AD2-9B9CA16047C8}.Debug|x86.ActiveCfg = Debug|Win32
		{16F11232-D0A0-46C8-9AD2-9B9CA16047C8}.Debug|x86.Build.0 = Debug|Win32
		{16F11232-D0A0-46C8-9AD2-9B9CA16047C8}.Release|x64.ActiveCfg = Release|x64
		{16F11232-D0A0-46C8-9AD2-9B9CA16047C8}.Release|x64.Build.0 = Release|x64
		{16F11232-D0A0-46C8-9AD2-9B9CA16047C8}.Release|x86.ActiveCfg = Release|Win32
		{16F11232-D0A0-46C8-9AD2-9B9CA16047C8}.Release|x86.Build.0 = Release|Win32
		{83FF1F1A-506D-4657-A62E-567641D1FEDD}.Debug|x64.ActiveCfg = Debug|x64
		{83FF1F1A-506D-4657-A62E-567641D1FEDD}.Debug|x64.Build.0 = Debug|x64
		{83FF1F1A-506D-4657-A62E-567641D1FEDD}.Debug|x86.ActiveCfg = Debug|Win32
		{83FF1F1A-506D-4657-A62E-567641D1FEDD}.Debug|x86.Build.0 = Debug|Win32
		{83FF1F1A-506D-4657-A62E-567641D1FEDD}.Release|x64.ActiveCfg = Release|x64
		{83FF1F1A-506D-4657-A62E-567641D1FEDD}.Release|x64.Build.0 = Release|x64
		{83FF1F1A-506D-4657-A62E-567641D1FEDD}.Release|x86.ActiveCfg = Release|Win32
		{83FF1F1A-506D-4657-A62E-567641D1FEDD}.Release|x86.Build.0 = Release|Win32
		{8F975BA3-1624-4773-845F-2D5403C7FAAC}.Debug|x64.ActiveCfg = Debug|x64
		{8F975BA3-1624-4773-845F-2D5403C7FAAC}.Debug|x64.Build.0 = Debug|x64
		{8F975BA3-1624-4773-845F-2D5403C7FAAC}.Debug|x86.ActiveCfg = Debug|Win32
		{8F975BA3-1624-4773-845F-2D5403C7FAAC}.Debug|x86.Build.0 = Debug|Win32
		{8F975BA3-1624-4773-845F-2D5403C7FAAC}.Release|x64.ActiveCfg = Release|x64
		{8F975BA3-1624-4773-845F-2D5403C7FAAC}.Release|x64.Build.0 = Release|x64
		{8F975BA3-1624-4773-845F-2D5403C7FAAC}.Release|x86.ActiveCfg = Release|Win32
		{8F975BA3-1624-4773-845F-2D5403C7FAAC}.Release|x86.Build.0 = Release|Win32
		{A761FD9C-BCE4-4023-BB5F-695C97C5BAC5}.Debug|x64.ActiveCfg = Debug|x64
		{A761FD9C-BCE4-4023-BB5F-695C97C5BAC5}.Debug|x64.Build.0 = Debug|x64
		{A761FD9C-BCE4-4023-BB5F-695C97C5BAC5}.Debug|x86.ActiveCfg = Debug|Win32
		{A761FD9C-BCE4-4023-BB5F-695C97C5BAC5}.Debug|x86.Build.0 = Debug|Win32
		{A761FD9C-BCE4-4023-BB5F-695C97C5BAC5}.Release|x64.ActiveCfg = Release|x64
		{A761FD9C-BCE4-4023-BB5F-695C97C5BAC5}.Release|x64.Build.0 = Release|x64
		{A761FD9C-BCE4-4023-BB5F-695C97C5BAC5}.Release|x86.ActiveCfg = Release|Win32
		{A761FD9C-BCE4-4023-BB5F-695C97C5BAC5}.Release|x86.Build.0 = Release|Win32
	EndGlobalSection
	GlobalSection(SolutionProperties) = preSolution
		HideSolutionNode = FALSE
	EndGlobalSection
	GlobalSection(ExtensibilityGlobals) = postSolution
		SolutionGuid = {FE819EDB-1EDF-4826-AC6E-B55EE1477017}
	EndGlobalSection
EndGlobal
